
Microsoft Visual Studio Solution File, Format Version 12.00
# Visual Studio Version 17
VisualStudioVersion = 17.4.33122.133
MinimumVisualStudioVersion = 10.0.40219.1
Project("{9A19103F-16F7-4668-BE54-9A1E7A4F7556}") = "Domain_Core", "ERP_Domain\ERP_Core\Domain_Core.csproj", "{2B707458-7388-4B5E-A1D1-6679AAC14CA4}"
EndProject
Project("{9A19103F-16F7-4668-BE54-9A1E7A4F7556}") = "Domain_Schedule", "ERP_Domain\ERP_Schedule\Domain_Schedule.csproj", "{654E0E62-0872-4B86-AF61-4044FE785CAE}"
EndProject
Project("{9A19103F-16F7-4668-BE54-9A1E7A4F7556}") = "UseCase_Account", "ERP_UseCase\Account\UseCase_Account.csproj", "{644D551B-DF4D-4CC6-B3D2-8CAB7D672E93}"
EndProject
Project("{9A19103F-16F7-4668-BE54-9A1E7A4F7556}") = "App_NET6", "App\WebApplication1\App_NET6.csproj", "{0986E8AF-3F58-4ECB-8738-E7A9181E4FCE}"
EndProject
Project("{9A19103F-16F7-4668-BE54-9A1E7A4F7556}") = "Framework_Identity", "ERP_DriveAndFramework\Identity\Framework_Identity.csproj", "{F0D3CB2B-08B2-43C1-AA2E-3F3D4B8CA8B7}"
EndProject
Global
	GlobalSection(SolutionConfigurationPlatforms) = preSolution
		Debug|Any CPU = Debug|Any CPU
		Release|Any CPU = Release|Any CPU
	EndGlobalSection
	GlobalSection(ProjectConfigurationPlatforms) = postSolution
		{2B707458-7388-4B5E-A1D1-6679AAC14CA4}.Debug|Any CPU.ActiveCfg = Debug|Any CPU
		{2B707458-7388-4B5E-A1D1-6679AAC14CA4}.Debug|Any CPU.Build.0 = Debug|Any CPU
		{2B707458-7388-4B5E-A1D1-6679AAC14CA4}.Release|Any CPU.ActiveCfg = Release|Any CPU
		{2B707458-7388-4B5E-A1D1-6679AAC14CA4}.Release|Any CPU.Build.0 = Release|Any CPU
		{654E0E62-0872-4B86-AF61-4044FE785CAE}.Debug|Any CPU.ActiveCfg = Debug|Any CPU
		{654E0E62-0872-4B86-AF61-4044FE785CAE}.Debug|Any CPU.Build.0 = Debug|Any CPU
		{654E0E62-0872-4B86-AF61-4044FE785CAE}.Release|Any CPU.ActiveCfg = Release|Any CPU
		{654E0E62-0872-4B86-AF61-4044FE785CAE}.Release|Any CPU.Build.0 = Release|Any CPU
		{644D551B-DF4D-4CC6-B3D2-8CAB7D672E93}.Debug|Any CPU.ActiveCfg = Debug|Any CPU
		{644D551B-DF4D-4CC6-B3D2-8CAB7D672E93}.Debug|Any CPU.Build.0 = Debug|Any CPU
		{644D551B-DF4D-4CC6-B3D2-8CAB7D672E93}.Release|Any CPU.ActiveCfg = Release|Any CPU
		{644D551B-DF4D-4CC6-B3D2-8CAB7D672E93}.Release|Any CPU.Build.0 = Release|Any CPU
		{0986E8AF-3F58-4ECB-8738-E7A9181E4FCE}.Debug|Any CPU.ActiveCfg = Debug|Any CPU
		{0986E8AF-3F58-4ECB-8738-E7A9181E4FCE}.Debug|Any CPU.Build.0 = Debug|Any CPU
		{0986E8AF-3F58-4ECB-8738-E7A9181E4FCE}.Release|Any CPU.ActiveCfg = Release|Any CPU
		{0986E8AF-3F58-4ECB-8738-E7A9181E4FCE}.Release|Any CPU.Build.0 = Release|Any CPU
		{F0D3CB2B-08B2-43C1-AA2E-3F3D4B8CA8B7}.Debug|Any CPU.ActiveCfg = Debug|Any CPU
		{F0D3CB2B-08B2-43C1-AA2E-3F3D4B8CA8B7}.Debug|Any CPU.Build.0 = Debug|Any CPU
		{F0D3CB2B-08B2-43C1-AA2E-3F3D4B8CA8B7}.Release|Any CPU.ActiveCfg = Release|Any CPU
		{F0D3CB2B-08B2-43C1-AA2E-3F3D4B8CA8B7}.Release|Any CPU.Build.0 = Release|Any CPU
	EndGlobalSection
	GlobalSection(SolutionProperties) = preSolution
		HideSolutionNode = FALSE
	EndGlobalSection
	GlobalSection(ExtensibilityGlobals) = postSolution
		SolutionGuid = {AB34A76A-FD39-4963-A78F-81546018B9D7}
	EndGlobalSection
EndGlobal
